
Microsoft Visual Studio Solution File, Format Version 12.00
# Visual Studio Version 16
VisualStudioVersion = 16.0.31205.134
MinimumVisualStudioVersion = 10.0.40219.1
Project("{FAE04EC0-301F-11D3-BF4B-00C04F79EFBC}") = "StackOverflowPost", "StackOverflowPost.csproj", "{5FBF8300-36D5-4C88-AD15-92F567CC09E3}"
EndProject
Global
	GlobalSection(SolutionConfigurationPlatforms) = preSolution
		Debug|Any CPU = Debug|Any CPU
		Release|Any CPU = Release|Any CPU
	EndGlobalSection
	GlobalSection(ProjectConfigurationPlatforms) = postSolution
		{5FBF8300-36D5-4C88-AD15-92F567CC09E3}.Debug|Any CPU.ActiveCfg = Debug|Any CPU
		{5FBF8300-36D5-4C88-AD15-92F567CC09E3}.Debug|Any CPU.Build.0 = Debug|Any CPU
		{5FBF8300-36D5-4C88-AD15-92F567CC09E3}.Release|Any CPU.ActiveCfg = Release|Any CPU
		{5FBF8300-36D5-4C88-AD15-92F567CC09E3}.Release|Any CPU.Build.0 = Release|Any CPU
	EndGlobalSection
	GlobalSection(SolutionProperties) = preSolution
		HideSolutionNode = FALSE
	EndGlobalSection
	GlobalSection(ExtensibilityGlobals) = postSolution
		SolutionGuid = {985C4C89-378F-4426-9157-C86B01A3F38F}
	EndGlobalSection
EndGlobal
